// !$*UTF8*$!
{
	archiveVersion = 1;
	classes = {
	};
	objectVersion = 50;
	objects = {

/* Begin PBXBuildFile section */
		30F07D92228C8E6B00CEC10E /* AppDelegate.swift in Sources */ = {isa = PBXBuildFile; fileRef = 30F07D91228C8E6B00CEC10E /* AppDelegate.swift */; };
		30F07D94228C8E6B00CEC10E /* FeedViewController.swift in Sources */ = {isa = PBXBuildFile; fileRef = 30F07D93228C8E6B00CEC10E /* FeedViewController.swift */; };
		30F07D9A228C8E6B00CEC10E /* TinkoffNewsFeed.xcdatamodeld in Sources */ = {isa = PBXBuildFile; fileRef = 30F07D98228C8E6B00CEC10E /* TinkoffNewsFeed.xcdatamodeld */; };
		30F07D9C228C8E7000CEC10E /* Assets.xcassets in Resources */ = {isa = PBXBuildFile; fileRef = 30F07D9B228C8E7000CEC10E /* Assets.xcassets */; };
		30F07D9F228C8E7000CEC10E /* LaunchScreen.storyboard in Resources */ = {isa = PBXBuildFile; fileRef = 30F07D9D228C8E7000CEC10E /* LaunchScreen.storyboard */; };
		30F07DA7228C8EB600CEC10E /* Router.swift in Sources */ = {isa = PBXBuildFile; fileRef = 30F07DA6228C8EB600CEC10E /* Router.swift */; };
		30F07DA9228C8FDE00CEC10E /* FeedViewController.xib in Resources */ = {isa = PBXBuildFile; fileRef = 30F07DA8228C8FDE00CEC10E /* FeedViewController.xib */; };
		30F07DB2228C94E900CEC10E /* SingleNewsTableViewCell.swift in Sources */ = {isa = PBXBuildFile; fileRef = 30F07DB0228C94E900CEC10E /* SingleNewsTableViewCell.swift */; };
		30F07DB3228C94E900CEC10E /* SingleNewsTableViewCell.xib in Resources */ = {isa = PBXBuildFile; fileRef = 30F07DB1228C94E900CEC10E /* SingleNewsTableViewCell.xib */; };
		30F07DB8228CB38100CEC10E /* NibLoadable.swift in Sources */ = {isa = PBXBuildFile; fileRef = 30F07DB7228CB38100CEC10E /* NibLoadable.swift */; };
		30F07DBB228CB4DD00CEC10E /* ExtraDetailViewController.swift in Sources */ = {isa = PBXBuildFile; fileRef = 30F07DB9228CB4DD00CEC10E /* ExtraDetailViewController.swift */; };
		30F07DBC228CB4DD00CEC10E /* ExtraDetailViewController.xib in Resources */ = {isa = PBXBuildFile; fileRef = 30F07DBA228CB4DD00CEC10E /* ExtraDetailViewController.xib */; };
/* End PBXBuildFile section */

/* Begin PBXFileReference section */
		30F07D8E228C8E6B00CEC10E /* TinkoffNewsFeed.app */ = {isa = PBXFileReference; explicitFileType = wrapper.application; includeInIndex = 0; path = TinkoffNewsFeed.app; sourceTree = BUILT_PRODUCTS_DIR; };
		30F07D91228C8E6B00CEC10E /* AppDelegate.swift */ = {isa = PBXFileReference; lastKnownFileType = sourcecode.swift; path = AppDelegate.swift; sourceTree = "<group>"; };
		30F07D93228C8E6B00CEC10E /* FeedViewController.swift */ = {isa = PBXFileReference; lastKnownFileType = sourcecode.swift; path = FeedViewController.swift; sourceTree = "<group>"; };
		30F07D99228C8E6B00CEC10E /* TinkoffNewsFeed.xcdatamodel */ = {isa = PBXFileReference; lastKnownFileType = wrapper.xcdatamodel; path = TinkoffNewsFeed.xcdatamodel; sourceTree = "<group>"; };
		30F07D9B228C8E7000CEC10E /* Assets.xcassets */ = {isa = PBXFileReference; lastKnownFileType = folder.assetcatalog; path = Assets.xcassets; sourceTree = "<group>"; };
		30F07D9E228C8E7000CEC10E /* Base */ = {isa = PBXFileReference; lastKnownFileType = file.storyboard; name = Base; path = Base.lproj/LaunchScreen.storyboard; sourceTree = "<group>"; };
		30F07DA0228C8E7000CEC10E /* Info.plist */ = {isa = PBXFileReference; lastKnownFileType = text.plist.xml; path = Info.plist; sourceTree = "<group>"; };
		30F07DA6228C8EB600CEC10E /* Router.swift */ = {isa = PBXFileReference; lastKnownFileType = sourcecode.swift; path = Router.swift; sourceTree = "<group>"; };
		30F07DA8228C8FDE00CEC10E /* FeedViewController.xib */ = {isa = PBXFileReference; lastKnownFileType = file.xib; path = FeedViewController.xib; sourceTree = "<group>"; };
		30F07DB0228C94E900CEC10E /* SingleNewsTableViewCell.swift */ = {isa = PBXFileReference; lastKnownFileType = sourcecode.swift; path = SingleNewsTableViewCell.swift; sourceTree = "<group>"; };
		30F07DB1228C94E900CEC10E /* SingleNewsTableViewCell.xib */ = {isa = PBXFileReference; lastKnownFileType = file.xib; path = SingleNewsTableViewCell.xib; sourceTree = "<group>"; };
		30F07DB7228CB38100CEC10E /* NibLoadable.swift */ = {isa = PBXFileReference; lastKnownFileType = sourcecode.swift; path = NibLoadable.swift; sourceTree = "<group>"; };
		30F07DB9228CB4DD00CEC10E /* ExtraDetailViewController.swift */ = {isa = PBXFileReference; lastKnownFileType = sourcecode.swift; path = ExtraDetailViewController.swift; sourceTree = "<group>"; };
		30F07DBA228CB4DD00CEC10E /* ExtraDetailViewController.xib */ = {isa = PBXFileReference; lastKnownFileType = file.xib; path = ExtraDetailViewController.xib; sourceTree = "<group>"; };
/* End PBXFileReference section */

/* Begin PBXFrameworksBuildPhase section */
		30F07D8B228C8E6B00CEC10E /* Frameworks */ = {
			isa = PBXFrameworksBuildPhase;
			buildActionMask = 2147483647;
			files = (
			);
			runOnlyForDeploymentPostprocessing = 0;
		};
/* End PBXFrameworksBuildPhase section */

/* Begin PBXGroup section */
		30F07D85228C8E6B00CEC10E = {
			isa = PBXGroup;
			children = (
				30F07D90228C8E6B00CEC10E /* TinkoffNewsFeed */,
				30F07D8F228C8E6B00CEC10E /* Products */,
			);
			sourceTree = "<group>";
		};
		30F07D8F228C8E6B00CEC10E /* Products */ = {
			isa = PBXGroup;
			children = (
				30F07D8E228C8E6B00CEC10E /* TinkoffNewsFeed.app */,
			);
			name = Products;
			sourceTree = "<group>";
		};
		30F07D90228C8E6B00CEC10E /* TinkoffNewsFeed */ = {
			isa = PBXGroup;
			children = (
				30F07DAB228C901300CEC10E /* Classes */,
				30F07DAC228C901E00CEC10E /* Resources */,
				30F07DA0228C8E7000CEC10E /* Info.plist */,
			);
			path = TinkoffNewsFeed;
			sourceTree = "<group>";
		};
		30F07DAA228C8FEC00CEC10E /* Screens */ = {
			isa = PBXGroup;
			children = (
				30F07DAE228C905F00CEC10E /* News Feed */,
				30F07DBD228CB4E500CEC10E /* Extra Detail */,
			);
			path = Screens;
			sourceTree = "<group>";
		};
		30F07DAB228C901300CEC10E /* Classes */ = {
			isa = PBXGroup;
			children = (
				30F07DB7228CB38100CEC10E /* NibLoadable.swift */,
				30F07DAF228C94B800CEC10E /* Custom Views */,
				30F07DAA228C8FEC00CEC10E /* Screens */,
				30F07DAD228C903B00CEC10E /* Routers */,
				30F07D98228C8E6B00CEC10E /* TinkoffNewsFeed.xcdatamodeld */,
				30F07D91228C8E6B00CEC10E /* AppDelegate.swift */,
			);
			path = Classes;
			sourceTree = "<group>";
		};
		30F07DAC228C901E00CEC10E /* Resources */ = {
			isa = PBXGroup;
			children = (
				30F07D9B228C8E7000CEC10E /* Assets.xcassets */,
				30F07D9D228C8E7000CEC10E /* LaunchScreen.storyboard */,
			);
			path = Resources;
			sourceTree = "<group>";
		};
		30F07DAD228C903B00CEC10E /* Routers */ = {
			isa = PBXGroup;
			children = (
				30F07DA6228C8EB600CEC10E /* Router.swift */,
			);
			path = Routers;
			sourceTree = "<group>";
		};
		30F07DAE228C905F00CEC10E /* News Feed */ = {
			isa = PBXGroup;
			children = (
				30F07D93228C8E6B00CEC10E /* FeedViewController.swift */,
				30F07DA8228C8FDE00CEC10E /* FeedViewController.xib */,
			);
			path = "News Feed";
			sourceTree = "<group>";
		};
		30F07DAF228C94B800CEC10E /* Custom Views */ = {
			isa = PBXGroup;
			children = (
				30F07DB4228C94F400CEC10E /* Cells */,
			);
			path = "Custom Views";
			sourceTree = "<group>";
		};
		30F07DB4228C94F400CEC10E /* Cells */ = {
			isa = PBXGroup;
			children = (
				30F07DB0228C94E900CEC10E /* SingleNewsTableViewCell.swift */,
				30F07DB1228C94E900CEC10E /* SingleNewsTableViewCell.xib */,
			);
			path = Cells;
			sourceTree = "<group>";
		};
		30F07DBD228CB4E500CEC10E /* Extra Detail */ = {
			isa = PBXGroup;
			children = (
				30F07DB9228CB4DD00CEC10E /* ExtraDetailViewController.swift */,
				30F07DBA228CB4DD00CEC10E /* ExtraDetailViewController.xib */,
			);
			path = "Extra Detail";
			sourceTree = "<group>";
		};
/* End PBXGroup section */

/* Begin PBXNativeTarget section */
		30F07D8D228C8E6B00CEC10E /* TinkoffNewsFeed */ = {
			isa = PBXNativeTarget;
			buildConfigurationList = 30F07DA3228C8E7000CEC10E /* Build configuration list for PBXNativeTarget "TinkoffNewsFeed" */;
			buildPhases = (
				30F07D8A228C8E6B00CEC10E /* Sources */,
				30F07D8B228C8E6B00CEC10E /* Frameworks */,
				30F07D8C228C8E6B00CEC10E /* Resources */,
			);
			buildRules = (
			);
			dependencies = (
			);
			name = TinkoffNewsFeed;
			productName = TinkoffNewsFeed;
			productReference = 30F07D8E228C8E6B00CEC10E /* TinkoffNewsFeed.app */;
			productType = "com.apple.product-type.application";
		};
/* End PBXNativeTarget section */

/* Begin PBXProject section */
		30F07D86228C8E6B00CEC10E /* Project object */ = {
			isa = PBXProject;
			attributes = {
				LastSwiftUpdateCheck = 1010;
				LastUpgradeCheck = 1010;
				ORGANIZATIONNAME = roman;
				TargetAttributes = {
					30F07D8D228C8E6B00CEC10E = {
						CreatedOnToolsVersion = 10.1;
					};
				};
			};
			buildConfigurationList = 30F07D89228C8E6B00CEC10E /* Build configuration list for PBXProject "TinkoffNewsFeed" */;
			compatibilityVersion = "Xcode 9.3";
			developmentRegion = en;
			hasScannedForEncodings = 0;
			knownRegions = (
				en,
				Base,
			);
			mainGroup = 30F07D85228C8E6B00CEC10E;
			productRefGroup = 30F07D8F228C8E6B00CEC10E /* Products */;
			projectDirPath = "";
			projectRoot = "";
			targets = (
				30F07D8D228C8E6B00CEC10E /* TinkoffNewsFeed */,
			);
		};
/* End PBXProject section */

/* Begin PBXResourcesBuildPhase section */
		30F07D8C228C8E6B00CEC10E /* Resources */ = {
			isa = PBXResourcesBuildPhase;
			buildActionMask = 2147483647;
			files = (
				30F07D9F228C8E7000CEC10E /* LaunchScreen.storyboard in Resources */,
				30F07DA9228C8FDE00CEC10E /* FeedViewController.xib in Resources */,
				30F07DB3228C94E900CEC10E /* SingleNewsTableViewCell.xib in Resources */,
				30F07D9C228C8E7000CEC10E /* Assets.xcassets in Resources */,
				30F07DBC228CB4DD00CEC10E /* ExtraDetailViewController.xib in Resources */,
			);
			runOnlyForDeploymentPostprocessing = 0;
		};
/* End PBXResourcesBuildPhase section */

/* Begin PBXSourcesBuildPhase section */
		30F07D8A228C8E6B00CEC10E /* Sources */ = {
			isa = PBXSourcesBuildPhase;
			buildActionMask = 2147483647;
			files = (
				30F07DBB228CB4DD00CEC10E /* ExtraDetailViewController.swift in Sources */,
				30F07DA7228C8EB600CEC10E /* Router.swift in Sources */,
				30F07D9A228C8E6B00CEC10E /* TinkoffNewsFeed.xcdatamodeld in Sources */,
				30F07DB2228C94E900CEC10E /* SingleNewsTableViewCell.swift in Sources */,
				30F07DB8228CB38100CEC10E /* NibLoadable.swift in Sources */,
				30F07D94228C8E6B00CEC10E /* FeedViewController.swift in Sources */,
				30F07D92228C8E6B00CEC10E /* AppDelegate.swift in Sources */,
			);
			runOnlyForDeploymentPostprocessing = 0;
		};
/* End PBXSourcesBuildPhase section */

/* Begin PBXVariantGroup section */
		30F07D9D228C8E7000CEC10E /* LaunchScreen.storyboard */ = {
			isa = PBXVariantGroup;
			children = (
				30F07D9E228C8E7000CEC10E /* Base */,
			);
			name = LaunchScreen.storyboard;
			sourceTree = "<group>";
		};
/* End PBXVariantGroup section */

/* Begin XCBuildConfiguration section */
		30F07DA1228C8E7000CEC10E /* Debug */ = {
			isa = XCBuildConfiguration;
			buildSettings = {
				ALWAYS_SEARCH_USER_PATHS = NO;
				CLANG_ANALYZER_NONNULL = YES;
				CLANG_ANALYZER_NUMBER_OBJECT_CONVERSION = YES_AGGRESSIVE;
				CLANG_CXX_LANGUAGE_STANDARD = "gnu++14";
				CLANG_CXX_LIBRARY = "libc++";
				CLANG_ENABLE_MODULES = YES;
				CLANG_ENABLE_OBJC_ARC = YES;
				CLANG_ENABLE_OBJC_WEAK = YES;
				CLANG_WARN_BLOCK_CAPTURE_AUTORELEASING = YES;
				CLANG_WARN_BOOL_CONVERSION = YES;
				CLANG_WARN_COMMA = YES;
				CLANG_WARN_CONSTANT_CONVERSION = YES;
				CLANG_WARN_DEPRECATED_OBJC_IMPLEMENTATIONS = YES;
				CLANG_WARN_DIRECT_OBJC_ISA_USAGE = YES_ERROR;
				CLANG_WARN_DOCUMENTATION_COMMENTS = YES;
				CLANG_WARN_EMPTY_BODY = YES;
				CLANG_WARN_ENUM_CONVERSION = YES;
				CLANG_WARN_INFINITE_RECURSION = YES;
				CLANG_WARN_INT_CONVERSION = YES;
				CLANG_WARN_NON_LITERAL_NULL_CONVERSION = YES;
				CLANG_WARN_OBJC_IMPLICIT_RETAIN_SELF = YES;
				CLANG_WARN_OBJC_LITERAL_CONVERSION = YES;
				CLANG_WARN_OBJC_ROOT_CLASS = YES_ERROR;
				CLANG_WARN_RANGE_LOOP_ANALYSIS = YES;
				CLANG_WARN_STRICT_PROTOTYPES = YES;
				CLANG_WARN_SUSPICIOUS_MOVE = YES;
				CLANG_WARN_UNGUARDED_AVAILABILITY = YES_AGGRESSIVE;
				CLANG_WARN_UNREACHABLE_CODE = YES;
				CLANG_WARN__DUPLICATE_METHOD_MATCH = YES;
				CODE_SIGN_IDENTITY = "iPhone Developer";
				COPY_PHASE_STRIP = NO;
				DEBUG_INFORMATION_FORMAT = dwarf;
				ENABLE_STRICT_OBJC_MSGSEND = YES;
				ENABLE_TESTABILITY = YES;
				GCC_C_LANGUAGE_STANDARD = gnu11;
				GCC_DYNAMIC_NO_PIC = NO;
				GCC_NO_COMMON_BLOCKS = YES;
				GCC_OPTIMIZATION_LEVEL = 0;
				GCC_PREPROCESSOR_DEFINITIONS = (
					"DEBUG=1",
					"$(inherited)",
				);
				GCC_WARN_64_TO_32_BIT_CONVERSION = YES;
				GCC_WARN_ABOUT_RETURN_TYPE = YES_ERROR;
				GCC_WARN_UNDECLARED_SELECTOR = YES;
				GCC_WARN_UNINITIALIZED_AUTOS = YES_AGGRESSIVE;
				GCC_WARN_UNUSED_FUNCTION = YES;
				GCC_WARN_UNUSED_VARIABLE = YES;
				IPHONEOS_DEPLOYMENT_TARGET = 12.1;
				MTL_ENABLE_DEBUG_INFO = INCLUDE_SOURCE;
				MTL_FAST_MATH = YES;
				ONLY_ACTIVE_ARCH = YES;
				SDKROOT = iphoneos;
				SWIFT_ACTIVE_COMPILATION_CONDITIONS = DEBUG;
				SWIFT_OPTIMIZATION_LEVEL = "-Onone";
			};
			name = Debug;
		};
		30F07DA2228C8E7000CEC10E /* Release */ = {
			isa = XCBuildConfiguration;
			buildSettings = {
				ALWAYS_SEARCH_USER_PATHS = NO;
				CLANG_ANALYZER_NONNULL = YES;
				CLANG_ANALYZER_NUMBER_OBJECT_CONVERSION = YES_AGGRESSIVE;
				CLANG_CXX_LANGUAGE_STANDARD = "gnu++14";
				CLANG_CXX_LIBRARY = "libc++";
				CLANG_ENABLE_MODULES = YES;
				CLANG_ENABLE_OBJC_ARC = YES;
				CLANG_ENABLE_OBJC_WEAK = YES;
				CLANG_WARN_BLOCK_CAPTURE_AUTORELEASING = YES;
				CLANG_WARN_BOOL_CONVERSION = YES;
				CLANG_WARN_COMMA = YES;
				CLANG_WARN_CONSTANT_CONVERSION = YES;
				CLANG_WARN_DEPRECATED_OBJC_IMPLEMENTATIONS = YES;
				CLANG_WARN_DIRECT_OBJC_ISA_USAGE = YES_ERROR;
				CLANG_WARN_DOCUMENTATION_COMMENTS = YES;
				CLANG_WARN_EMPTY_BODY = YES;
				CLANG_WARN_ENUM_CONVERSION = YES;
				CLANG_WARN_INFINITE_RECURSION = YES;
				CLANG_WARN_INT_CONVERSION = YES;
				CLANG_WARN_NON_LITERAL_NULL_CONVERSION = YES;
				CLANG_WARN_OBJC_IMPLICIT_RETAIN_SELF = YES;
				CLANG_WARN_OBJC_LITERAL_CONVERSION = YES;
				CLANG_WARN_OBJC_ROOT_CLASS = YES_ERROR;
				CLANG_WARN_RANGE_LOOP_ANALYSIS = YES;
				CLANG_WARN_STRICT_PROTOTYPES = YES;
				CLANG_WARN_SUSPICIOUS_MOVE = YES;
				CLANG_WARN_UNGUARDED_AVAILABILITY = YES_AGGRESSIVE;
				CLANG_WARN_UNREACHABLE_CODE = YES;
				CLANG_WARN__DUPLICATE_METHOD_MATCH = YES;
				CODE_SIGN_IDENTITY = "iPhone Developer";
				COPY_PHASE_STRIP = NO;
				DEBUG_INFORMATION_FORMAT = "dwarf-with-dsym";
				ENABLE_NS_ASSERTIONS = NO;
				ENABLE_STRICT_OBJC_MSGSEND = YES;
				GCC_C_LANGUAGE_STANDARD = gnu11;
				GCC_NO_COMMON_BLOCKS = YES;
				GCC_WARN_64_TO_32_BIT_CONVERSION = YES;
				GCC_WARN_ABOUT_RETURN_TYPE = YES_ERROR;
				GCC_WARN_UNDECLARED_SELECTOR = YES;
				GCC_WARN_UNINITIALIZED_AUTOS = YES_AGGRESSIVE;
				GCC_WARN_UNUSED_FUNCTION = YES;
				GCC_WARN_UNUSED_VARIABLE = YES;
				IPHONEOS_DEPLOYMENT_TARGET = 12.1;
				MTL_ENABLE_DEBUG_INFO = NO;
				MTL_FAST_MATH = YES;
				SDKROOT = iphoneos;
				SWIFT_COMPILATION_MODE = wholemodule;
				SWIFT_OPTIMIZATION_LEVEL = "-O";
				VALIDATE_PRODUCT = YES;
			};
			name = Release;
		};
		30F07DA4228C8E7000CEC10E /* Debug */ = {
			isa = XCBuildConfiguration;
			buildSettings = {
				ASSETCATALOG_COMPILER_APPICON_NAME = AppIcon;
				CODE_SIGN_STYLE = Automatic;
				DEVELOPMENT_TEAM = 7D8T852G26;
				INFOPLIST_FILE = TinkoffNewsFeed/Info.plist;
				LD_RUNPATH_SEARCH_PATHS = (
					"$(inherited)",
					"@executable_path/Frameworks",
				);
				PRODUCT_BUNDLE_IDENTIFIER = krasnikov.TinkoffNewsFeed;
				PRODUCT_NAME = "$(TARGET_NAME)";
				SWIFT_VERSION = 4.2;
				TARGETED_DEVICE_FAMILY = "1,2";
			};
			name = Debug;
		};
		30F07DA5228C8E7000CEC10E /* Release */ = {
			isa = XCBuildConfiguration;
			buildSettings = {
				ASSETCATALOG_COMPILER_APPICON_NAME = AppIcon;
				CODE_SIGN_STYLE = Automatic;
				DEVELOPMENT_TEAM = 7D8T852G26;
				INFOPLIST_FILE = TinkoffNewsFeed/Info.plist;
				LD_RUNPATH_SEARCH_PATHS = (
					"$(inherited)",
					"@executable_path/Frameworks",
				);
				PRODUCT_BUNDLE_IDENTIFIER = krasnikov.TinkoffNewsFeed;
				PRODUCT_NAME = "$(TARGET_NAME)";
				SWIFT_VERSION = 4.2;
				TARGETED_DEVICE_FAMILY = "1,2";
			};
			name = Release;
		};
/* End XCBuildConfiguration section */

/* Begin XCConfigurationList section */
		30F07D89228C8E6B00CEC10E /* Build configuration list for PBXProject "TinkoffNewsFeed" */ = {
			isa = XCConfigurationList;
			buildConfigurations = (
				30F07DA1228C8E7000CEC10E /* Debug */,
				30F07DA2228C8E7000CEC10E /* Release */,
			);
			defaultConfigurationIsVisible = 0;
			defaultConfigurationName = Release;
		};
		30F07DA3228C8E7000CEC10E /* Build configuration list for PBXNativeTarget "TinkoffNewsFeed" */ = {
			isa = XCConfigurationList;
			buildConfigurations = (
				30F07DA4228C8E7000CEC10E /* Debug */,
				30F07DA5228C8E7000CEC10E /* Release */,
			);
			defaultConfigurationIsVisible = 0;
			defaultConfigurationName = Release;
		};
/* End XCConfigurationList section */

/* Begin XCVersionGroup section */
		30F07D98228C8E6B00CEC10E /* TinkoffNewsFeed.xcdatamodeld */ = {
			isa = XCVersionGroup;
			children = (
				30F07D99228C8E6B00CEC10E /* TinkoffNewsFeed.xcdatamodel */,
			);
			currentVersion = 30F07D99228C8E6B00CEC10E /* TinkoffNewsFeed.xcdatamodel */;
			path = TinkoffNewsFeed.xcdatamodeld;
			sourceTree = "<group>";
			versionGroupType = wrapper.xcdatamodel;
		};
/* End XCVersionGroup section */
	};
	rootObject = 30F07D86228C8E6B00CEC10E /* Project object */;
}
